{
  "name": "@meetfranz/electron-cookies",
  "version": "3.0.0",
  "lockfileVersion": 2,
  "requires": true,
  "packages": {
    "": {
      "name": "@meetfranz/electron-cookies",
      "version": "3.0.0",
      "license": "MIT",
      "dependencies": {
        "@electron/remote": "^2.0.1",
        "tough-cookie": "^2.3.1",
        "tough-cookie-web-storage-store": "^1.0.0"
      }
    },
    "node_modules/@electron/remote": {
      "version": "2.0.1",
      "resolved": "https://registry.npmjs.org/@electron/remote/-/remote-2.0.1.tgz",
      "integrity": "sha512-bGX4/yB2bPZwXm1DsxgoABgH0Cz7oFtXJgkerB8VrStYdTyvhGAULzNLRn9rVmeAuC3VUDXaXpZIlZAZHpsLIA==",
      "peerDependencies": {
        "electron": ">= 10.0.0-beta.1"
      }
    },
    "node_modules/lodash": {
      "version": "4.17.21",
      "resolved": "https://registry.npmjs.org/lodash/-/lodash-4.17.21.tgz",
      "integrity": "sha512-v2kDEe57lecTulaDIuNTPy3Ry4gLGJ6Z1O3vE1krgXZNrsQ+LFTGHVxVjcXPs17LhbZVGedAJv8XZ1tvj5FvSg=="
    },
    "node_modules/psl": {
      "version": "1.8.0",
      "resolved": "https://registry.npmjs.org/psl/-/psl-1.8.0.tgz",
      "integrity": "sha512-RIdOzyoavK+hA18OGGWDqUTsCLhtA7IcZ/6NCs4fFJaHBDab+pDDmDIByWFRQJq2Cd7r1OoQxBGKOaztq+hjIQ=="
    },
    "node_modules/punycode": {
      "version": "2.1.1",
      "resolved": "https://registry.npmjs.org/punycode/-/punycode-2.1.1.tgz",
      "integrity": "sha512-XRsRjdf+j5ml+y/6GKHPZbrF/8p2Yga0JPtdqTIY2Xe5ohJPD9saDJJLPvp9+NSBprVvevdXZybnj2cv8OEd0A==",
      "engines": {
        "node": ">=6"
      }
    },
    "node_modules/tough-cookie": {
      "version": "2.5.0",
      "resolved": "https://registry.npmjs.org/tough-cookie/-/tough-cookie-2.5.0.tgz",
      "integrity": "sha512-nlLsUzgm1kfLXSXfRZMc1KLAugd4hqJHDTvc2hDIwS3mZAfMEuMbc03SujMF+GEcpaX/qboeycw6iO8JwVv2+g==",
      "dependencies": {
        "psl": "^1.1.28",
        "punycode": "^2.1.1"
      },
      "engines": {
        "node": ">=0.8"
      }
    },
    "node_modules/tough-cookie-web-storage-store": {
      "version": "1.0.0",
      "resolved": "https://registry.npmjs.org/tough-cookie-web-storage-store/-/tough-cookie-web-storage-store-1.0.0.tgz",
      "integrity": "sha1-gCH84kKQvwthUeSR1zEjQ0UdOQ0=",
      "dependencies": {
        "lodash": "^4.6.1"
      },
      "peerDependencies": {
        "tough-cookie": "*"
      }
    }
  },
  "dependencies": {
    "@electron/remote": {
      "version": "2.0.1",
      "resolved": "https://registry.npmjs.org/@electron/remote/-/remote-2.0.1.tgz",
      "integrity": "sha512-bGX4/yB2bPZwXm1DsxgoABgH0Cz7oFtXJgkerB8VrStYdTyvhGAULzNLRn9rVmeAuC3VUDXaXpZIlZAZHpsLIA=="
    },
    "lodash": {
      "version": "4.17.21",
      "resolved": "https://registry.npmjs.org/lodash/-/lodash-4.17.21.tgz",
      "integrity": "sha512-v2kDEe57lecTulaDIuNTPy3Ry4gLGJ6Z1O3vE1krgXZNrsQ+LFTGHVxVjcXPs17LhbZVGedAJv8XZ1tvj5FvSg=="
    },
    "psl": {
      "version": "1.8.0",
      "resolved": "https://registry.npmjs.org/psl/-/psl-1.8.0.tgz",
      "integrity": "sha512-RIdOzyoavK+hA18OGGWDqUTsCLhtA7IcZ/6NCs4fFJaHBDab+pDDmDIByWFRQJq2Cd7r1OoQxBGKOaztq+hjIQ=="
    },
    "punycode": {
      "version": "2.1.1",
      "resolved": "https://registry.npmjs.org/punycode/-/punycode-2.1.1.tgz",
      "integrity": "sha512-XRsRjdf+j5ml+y/6GKHPZbrF/8p2Yga0JPtdqTIY2Xe5ohJPD9saDJJLPvp9+NSBprVvevdXZybnj2cv8OEd0A=="
    },
    "tough-cookie": {
      "version": "2.5.0",
      "resolved": "https://registry.npmjs.org/tough-cookie/-/tough-cookie-2.5.0.tgz",
      "integrity": "sha512-nlLsUzgm1kfLXSXfRZMc1KLAugd4hqJHDTvc2hDIwS3mZAfMEuMbc03SujMF+GEcpaX/qboeycw6iO8JwVv2+g==",
      "requires": {
        "psl": "^1.1.28",
        "punycode": "^2.1.1"
      }
    },
    "tough-cookie-web-storage-store": {
      "version": "1.0.0",
      "resolved": "https://registry.npmjs.org/tough-cookie-web-storage-store/-/tough-cookie-web-storage-store-1.0.0.tgz",
      "integrity": "sha1-gCH84kKQvwthUeSR1zEjQ0UdOQ0=",
      "requires": {
        "lodash": "^4.6.1"
      }
    }
  }
}
